
Microsoft Visual Studio Solution File, Format Version 12.00
# Visual Studio 15
VisualStudioVersion = 15.0.28307.136
MinimumVisualStudioVersion = 10.0.40219.1
Project("{9A19103F-16F7-4668-BE54-9A1E7A4F7556}") = "TPCWare.XmasDev.Blazor", "TPCWare.XmasDev.Blazor\TPCWare.XmasDev.Blazor.csproj", "{1B64177A-9509-4979-BCA6-19AFF04A48DC}"
EndProject
Project("{FAE04EC0-301F-11D3-BF4B-00C04F79EFBC}") = "TPCWare.XmasDev.Models", "TPCWare.XmasDev.Models\TPCWare.XmasDev.Models.csproj", "{5017030A-5FEE-4AD4-8946-E0EF831C7C64}"
EndProject
Global
	GlobalSection(SolutionConfigurationPlatforms) = preSolution
		Debug|Any CPU = Debug|Any CPU
		Release|Any CPU = Release|Any CPU
	EndGlobalSection
	GlobalSection(ProjectConfigurationPlatforms) = postSolution
		{1B64177A-9509-4979-BCA6-19AFF04A48DC}.Debug|Any CPU.ActiveCfg = Debug|Any CPU
		{1B64177A-9509-4979-BCA6-19AFF04A48DC}.Debug|Any CPU.Build.0 = Debug|Any CPU
		{1B64177A-9509-4979-BCA6-19AFF04A48DC}.Release|Any CPU.ActiveCfg = Release|Any CPU
		{1B64177A-9509-4979-BCA6-19AFF04A48DC}.Release|Any CPU.Build.0 = Release|Any CPU
		{5017030A-5FEE-4AD4-8946-E0EF831C7C64}.Debug|Any CPU.ActiveCfg = Debug|Any CPU
		{5017030A-5FEE-4AD4-8946-E0EF831C7C64}.Debug|Any CPU.Build.0 = Debug|Any CPU
		{5017030A-5FEE-4AD4-8946-E0EF831C7C64}.Release|Any CPU.ActiveCfg = Release|Any CPU
		{5017030A-5FEE-4AD4-8946-E0EF831C7C64}.Release|Any CPU.Build.0 = Release|Any CPU
	EndGlobalSection
	GlobalSection(SolutionProperties) = preSolution
		HideSolutionNode = FALSE
	EndGlobalSection
	GlobalSection(ExtensibilityGlobals) = postSolution
		SolutionGuid = {6745657A-37A8-4518-814C-5928BD22812C}
	EndGlobalSection
EndGlobal
